
Microsoft Visual Studio Solution File, Format Version 12.00
# Visual Studio 15
VisualStudioVersion = 15.0.27703.2000
MinimumVisualStudioVersion = 10.0.40219.1
Project("{FAE04EC0-301F-11D3-BF4B-00C04F79EFBC}") = "Tunnel_Vision", "Tunnel_Vision\Tunnel_Vision.csproj", "{3DB01516-8E9E-4B17-AE04-97AD8140789C}"
EndProject
Global
	GlobalSection(SolutionConfigurationPlatforms) = preSolution
		Debug|Any CPU = Debug|Any CPU
		Release|Any CPU = Release|Any CPU
	EndGlobalSection
	GlobalSection(ProjectConfigurationPlatforms) = postSolution
		{3DB01516-8E9E-4B17-AE04-97AD8140789C}.Debug|Any CPU.ActiveCfg = Debug|Any CPU
		{3DB01516-8E9E-4B17-AE04-97AD8140789C}.Debug|Any CPU.Build.0 = Debug|Any CPU
		{3DB01516-8E9E-4B17-AE04-97AD8140789C}.Release|Any CPU.ActiveCfg = Release|Any CPU
		{3DB01516-8E9E-4B17-AE04-97AD8140789C}.Release|Any CPU.Build.0 = Release|Any CPU
	EndGlobalSection
	GlobalSection(SolutionProperties) = preSolution
		HideSolutionNode = FALSE
	EndGlobalSection
	GlobalSection(ExtensibilityGlobals) = postSolution
		SolutionGuid = {1C40058E-A08F-40F8-A09A-6DA4DF893A9F}
	EndGlobalSection
EndGlobal
